
Microsoft Visual Studio Solution File, Format Version 12.00
# Visual Studio 2013
VisualStudioVersion = 12.0.21005.1
MinimumVisualStudioVersion = 10.0.40219.1
Project("{FAE04EC0-301F-11D3-BF4B-00C04F79EFBC}") = "CodingChallengeKneat", "CodingChallengeKneat\CodingChallengeKneat.csproj", "{093E070D-DD81-43D9-90D0-A0BC9318CA0A}"
EndProject
Project("{FAE04EC0-301F-11D3-BF4B-00C04F79EFBC}") = "CodingChallengeKneat.Tests", "CodingChallengeKneat.Tests\CodingChallengeKneat.Tests.csproj", "{2349A2A4-6716-43B7-B9AE-FD253BA378CF}"
EndProject
Global
	GlobalSection(SolutionConfigurationPlatforms) = preSolution
		Debug|Any CPU = Debug|Any CPU
		Release|Any CPU = Release|Any CPU
	EndGlobalSection
	GlobalSection(ProjectConfigurationPlatforms) = postSolution
		{093E070D-DD81-43D9-90D0-A0BC9318CA0A}.Debug|Any CPU.ActiveCfg = Debug|Any CPU
		{093E070D-DD81-43D9-90D0-A0BC9318CA0A}.Debug|Any CPU.Build.0 = Debug|Any CPU
		{093E070D-DD81-43D9-90D0-A0BC9318CA0A}.Release|Any CPU.ActiveCfg = Release|Any CPU
		{093E070D-DD81-43D9-90D0-A0BC9318CA0A}.Release|Any CPU.Build.0 = Release|Any CPU
		{2349A2A4-6716-43B7-B9AE-FD253BA378CF}.Debug|Any CPU.ActiveCfg = Debug|Any CPU
		{2349A2A4-6716-43B7-B9AE-FD253BA378CF}.Debug|Any CPU.Build.0 = Debug|Any CPU
		{2349A2A4-6716-43B7-B9AE-FD253BA378CF}.Release|Any CPU.ActiveCfg = Release|Any CPU
		{2349A2A4-6716-43B7-B9AE-FD253BA378CF}.Release|Any CPU.Build.0 = Release|Any CPU
	EndGlobalSection
	GlobalSection(SolutionProperties) = preSolution
		HideSolutionNode = FALSE
	EndGlobalSection
EndGlobal
